// !$*UTF8*$!
{
	archiveVersion = 1;
	classes = {
	};
	objectVersion = 46;
	objects = {

/* Begin PBXBuildFile section */
		47CA149419AA550E0080E254 /* Foundation.framework in Frameworks */ = {isa = PBXBuildFile; fileRef = 47CA149319AA550E0080E254 /* Foundation.framework */; };
		47CA149619AA550E0080E254 /* CoreGraphics.framework in Frameworks */ = {isa = PBXBuildFile; fileRef = 47CA149519AA550E0080E254 /* CoreGraphics.framework */; };
		47CA149819AA550E0080E254 /* UIKit.framework in Frameworks */ = {isa = PBXBuildFile; fileRef = 47CA149719AA550E0080E254 /* UIKit.framework */; };
		47CA149E19AA550E0080E254 /* InfoPlist.strings in Resources */ = {isa = PBXBuildFile; fileRef = 47CA149C19AA550E0080E254 /* InfoPlist.strings */; };
		47CA14A019AA550E0080E254 /* main.m in Sources */ = {isa = PBXBuildFile; fileRef = 47CA149F19AA550E0080E254 /* main.m */; };
		47CA14A419AA550E0080E254 /* BNRAppDelegate.m in Sources */ = {isa = PBXBuildFile; fileRef = 47CA14A319AA550E0080E254 /* BNRAppDelegate.m */; };
		47CA14A619AA550E0080E254 /* Images.xcassets in Resources */ = {isa = PBXBuildFile; fileRef = 47CA14A519AA550E0080E254 /* Images.xcassets */; };
		47CA14AD19AA550E0080E254 /* XCTest.framework in Frameworks */ = {isa = PBXBuildFile; fileRef = 47CA14AC19AA550E0080E254 /* XCTest.framework */; };
		47CA14AE19AA550F0080E254 /* Foundation.framework in Frameworks */ = {isa = PBXBuildFile; fileRef = 47CA149319AA550E0080E254 /* Foundation.framework */; };
		47CA14AF19AA550F0080E254 /* UIKit.framework in Frameworks */ = {isa = PBXBuildFile; fileRef = 47CA149719AA550E0080E254 /* UIKit.framework */; };
		47CA14B719AA550F0080E254 /* InfoPlist.strings in Resources */ = {isa = PBXBuildFile; fileRef = 47CA14B519AA550F0080E254 /* InfoPlist.strings */; };
		47CA14B919AA550F0080E254 /* QuizTests.m in Sources */ = {isa = PBXBuildFile; fileRef = 47CA14B819AA550F0080E254 /* QuizTests.m */; };
/* End PBXBuildFile section */

/* Begin PBXContainerItemProxy section */
		47CA14B019AA550F0080E254 /* PBXContainerItemProxy */ = {
			isa = PBXContainerItemProxy;
			containerPortal = 47CA148819AA550E0080E254 /* Project object */;
			proxyType = 1;
			remoteGlobalIDString = 47CA148F19AA550E0080E254;
			remoteInfo = Quiz;
		};
/* End PBXContainerItemProxy section */

/* Begin PBXFileReference section */
		47CA149019AA550E0080E254 /* Quiz.app */ = {isa = PBXFileReference; explicitFileType = wrapper.application; includeInIndex = 0; path = Quiz.app; sourceTree = BUILT_PRODUCTS_DIR; };
		47CA149319AA550E0080E254 /* Foundation.framework */ = {isa = PBXFileReference; lastKnownFileType = wrapper.framework; name = Foundation.framework; path = System/Library/Frameworks/Foundation.framework; sourceTree = SDKROOT; };
		47CA149519AA550E0080E254 /* CoreGraphics.framework */ = {isa = PBXFileReference; lastKnownFileType = wrapper.framework; name = CoreGraphics.framework; path = System/Library/Frameworks/CoreGraphics.framework; sourceTree = SDKROOT; };
		47CA149719AA550E0080E254 /* UIKit.framework */ = {isa = PBXFileReference; lastKnownFileType = wrapper.framework; name = UIKit.framework; path = System/Library/Frameworks/UIKit.framework; sourceTree = SDKROOT; };
		47CA149B19AA550E0080E254 /* Quiz-Info.plist */ = {isa = PBXFileReference; lastKnownFileType = text.plist.xml; path = "Quiz-Info.plist"; sourceTree = "<group>"; };
		47CA149D19AA550E0080E254 /* en */ = {isa = PBXFileReference; lastKnownFileType = text.plist.strings; name = en; path = en.lproj/InfoPlist.strings; sourceTree = "<group>"; };
		47CA149F19AA550E0080E254 /* main.m */ = {isa = PBXFileReference; lastKnownFileType = sourcecode.c.objc; path = main.m; sourceTree = "<group>"; };
		47CA14A119AA550E0080E254 /* Quiz-Prefix.pch */ = {isa = PBXFileReference; lastKnownFileType = sourcecode.c.h; path = "Quiz-Prefix.pch"; sourceTree = "<group>"; };
		47CA14A219AA550E0080E254 /* BNRAppDelegate.h */ = {isa = PBXFileReference; lastKnownFileType = sourcecode.c.h; path = BNRAppDelegate.h; sourceTree = "<group>"; };
		47CA14A319AA550E0080E254 /* BNRAppDelegate.m */ = {isa = PBXFileReference; lastKnownFileType = sourcecode.c.objc; path = BNRAppDelegate.m; sourceTree = "<group>"; };
		47CA14A519AA550E0080E254 /* Images.xcassets */ = {isa = PBXFileReference; lastKnownFileType = folder.assetcatalog; path = Images.xcassets; sourceTree = "<group>"; };
		47CA14AB19AA550E0080E254 /* QuizTests.xctest */ = {isa = PBXFileReference; explicitFileType = wrapper.cfbundle; includeInIndex = 0; path = QuizTests.xctest; sourceTree = BUILT_PRODUCTS_DIR; };
		47CA14AC19AA550E0080E254 /* XCTest.framework */ = {isa = PBXFileReference; lastKnownFileType = wrapper.framework; name = XCTest.framework; path = Library/Frameworks/XCTest.framework; sourceTree = DEVELOPER_DIR; };
		47CA14B419AA550F0080E254 /* QuizTests-Info.plist */ = {isa = PBXFileReference; lastKnownFileType = text.plist.xml; path = "QuizTests-Info.plist"; sourceTree = "<group>"; };
		47CA14B619AA550F0080E254 /* en */ = {isa = PBXFileReference; lastKnownFileType = text.plist.strings; name = en; path = en.lproj/InfoPlist.strings; sourceTree = "<group>"; };
		47CA14B819AA550F0080E254 /* QuizTests.m */ = {isa = PBXFileReference; lastKnownFileType = sourcecode.c.objc; path = QuizTests.m; sourceTree = "<group>"; };
/* End PBXFileReference section */

/* Begin PBXFrameworksBuildPhase section */
		47CA148D19AA550E0080E254 /* Frameworks */ = {
			isa = PBXFrameworksBuildPhase;
			buildActionMask = 2147483647;
			files = (
				47CA149619AA550E0080E254 /* CoreGraphics.framework in Frameworks */,
				47CA149819AA550E0080E254 /* UIKit.framework in Frameworks */,
				47CA149419AA550E0080E254 /* Foundation.framework in Frameworks */,
			);
			runOnlyForDeploymentPostprocessing = 0;
		};
		47CA14A819AA550E0080E254 /* Frameworks */ = {
			isa = PBXFrameworksBuildPhase;
			buildActionMask = 2147483647;
			files = (
				47CA14AD19AA550E0080E254 /* XCTest.framework in Frameworks */,
				47CA14AF19AA550F0080E254 /* UIKit.framework in Frameworks */,
				47CA14AE19AA550F0080E254 /* Foundation.framework in Frameworks */,
			);
			runOnlyForDeploymentPostprocessing = 0;
		};
/* End PBXFrameworksBuildPhase section */

/* Begin PBXGroup section */
		47CA148719AA550E0080E254 = {
			isa = PBXGroup;
			children = (
				47CA149919AA550E0080E254 /* Quiz */,
				47CA14B219AA550F0080E254 /* QuizTests */,
				47CA149219AA550E0080E254 /* Frameworks */,
				47CA149119AA550E0080E254 /* Products */,
			);
			sourceTree = "<group>";
		};
		47CA149119AA550E0080E254 /* Products */ = {
			isa = PBXGroup;
			children = (
				47CA149019AA550E0080E254 /* Quiz.app */,
				47CA14AB19AA550E0080E254 /* QuizTests.xctest */,
			);
			name = Products;
			sourceTree = "<group>";
		};
		47CA149219AA550E0080E254 /* Frameworks */ = {
			isa = PBXGroup;
			children = (
				47CA149319AA550E0080E254 /* Foundation.framework */,
				47CA149519AA550E0080E254 /* CoreGraphics.framework */,
				47CA149719AA550E0080E254 /* UIKit.framework */,
				47CA14AC19AA550E0080E254 /* XCTest.framework */,
			);
			name = Frameworks;
			sourceTree = "<group>";
		};
		47CA149919AA550E0080E254 /* Quiz */ = {
			isa = PBXGroup;
			children = (
				47CA14A219AA550E0080E254 /* BNRAppDelegate.h */,
				47CA14A319AA550E0080E254 /* BNRAppDelegate.m */,
				47CA14A519AA550E0080E254 /* Images.xcassets */,
				47CA149A19AA550E0080E254 /* Supporting Files */,
			);
			path = Quiz;
			sourceTree = "<group>";
		};
		47CA149A19AA550E0080E254 /* Supporting Files */ = {
			isa = PBXGroup;
			children = (
				47CA149B19AA550E0080E254 /* Quiz-Info.plist */,
				47CA149C19AA550E0080E254 /* InfoPlist.strings */,
				47CA149F19AA550E0080E254 /* main.m */,
				47CA14A119AA550E0080E254 /* Quiz-Prefix.pch */,
			);
			name = "Supporting Files";
			sourceTree = "<group>";
		};
		47CA14B219AA550F0080E254 /* QuizTests */ = {
			isa = PBXGroup;
			children = (
				47CA14B819AA550F0080E254 /* QuizTests.m */,
				47CA14B319AA550F0080E254 /* Supporting Files */,
			);
			path = QuizTests;
			sourceTree = "<group>";
		};
		47CA14B319AA550F0080E254 /* Supporting Files */ = {
			isa = PBXGroup;
			children = (
				47CA14B419AA550F0080E254 /* QuizTests-Info.plist */,
				47CA14B519AA550F0080E254 /* InfoPlist.strings */,
			);
			name = "Supporting Files";
			sourceTree = "<group>";
		};
/* End PBXGroup section */

/* Begin PBXNativeTarget section */
		47CA148F19AA550E0080E254 /* Quiz */ = {
			isa = PBXNativeTarget;
			buildConfigurationList = 47CA14BC19AA550F0080E254 /* Build configuration list for PBXNativeTarget "Quiz" */;
			buildPhases = (
				47CA148C19AA550E0080E254 /* Sources */,
				47CA148D19AA550E0080E254 /* Frameworks */,
				47CA148E19AA550E0080E254 /* Resources */,
			);
			buildRules = (
			);
			dependencies = (
			);
			name = Quiz;
			productName = Quiz;
			productReference = 47CA149019AA550E0080E254 /* Quiz.app */;
			productType = "com.apple.product-type.application";
		};
		47CA14AA19AA550E0080E254 /* QuizTests */ = {
			isa = PBXNativeTarget;
			buildConfigurationList = 47CA14BF19AA550F0080E254 /* Build configuration list for PBXNativeTarget "QuizTests" */;
			buildPhases = (
				47CA14A719AA550E0080E254 /* Sources */,
				47CA14A819AA550E0080E254 /* Frameworks */,
				47CA14A919AA550E0080E254 /* Resources */,
			);
			buildRules = (
			);
			dependencies = (
				47CA14B119AA550F0080E254 /* PBXTargetDependency */,
			);
			name = QuizTests;
			productName = QuizTests;
			productReference = 47CA14AB19AA550E0080E254 /* QuizTests.xctest */;
			productType = "com.apple.product-type.bundle.unit-test";
		};
/* End PBXNativeTarget section */

/* Begin PBXProject section */
		47CA148819AA550E0080E254 /* Project object */ = {
			isa = PBXProject;
			attributes = {
				CLASSPREFIX = BNR;
				LastUpgradeCheck = 0510;
				ORGANIZATIONNAME = Pensersoft;
				TargetAttributes = {
					47CA14AA19AA550E0080E254 = {
						TestTargetID = 47CA148F19AA550E0080E254;
					};
				};
			};
			buildConfigurationList = 47CA148B19AA550E0080E254 /* Build configuration list for PBXProject "Quiz" */;
			compatibilityVersion = "Xcode 3.2";
			developmentRegion = English;
			hasScannedForEncodings = 0;
			knownRegions = (
				en,
			);
			mainGroup = 47CA148719AA550E0080E254;
			productRefGroup = 47CA149119AA550E0080E254 /* Products */;
			projectDirPath = "";
			projectRoot = "";
			targets = (
				47CA148F19AA550E0080E254 /* Quiz */,
				47CA14AA19AA550E0080E254 /* QuizTests */,
			);
		};
/* End PBXProject section */

/* Begin PBXResourcesBuildPhase section */
		47CA148E19AA550E0080E254 /* Resources */ = {
			isa = PBXResourcesBuildPhase;
			buildActionMask = 2147483647;
			files = (
				47CA149E19AA550E0080E254 /* InfoPlist.strings in Resources */,
				47CA14A619AA550E0080E254 /* Images.xcassets in Resources */,
			);
			runOnlyForDeploymentPostprocessing = 0;
		};
		47CA14A919AA550E0080E254 /* Resources */ = {
			isa = PBXResourcesBuildPhase;
			buildActionMask = 2147483647;
			files = (
				47CA14B719AA550F0080E254 /* InfoPlist.strings in Resources */,
			);
			runOnlyForDeploymentPostprocessing = 0;
		};
/* End PBXResourcesBuildPhase section */

/* Begin PBXSourcesBuildPhase section */
		47CA148C19AA550E0080E254 /* Sources */ = {
			isa = PBXSourcesBuildPhase;
			buildActionMask = 2147483647;
			files = (
				47CA14A019AA550E0080E254 /* main.m in Sources */,
				47CA14A419AA550E0080E254 /* BNRAppDelegate.m in Sources */,
			);
			runOnlyForDeploymentPostprocessing = 0;
		};
		47CA14A719AA550E0080E254 /* Sources */ = {
			isa = PBXSourcesBuildPhase;
			buildActionMask = 2147483647;
			files = (
				47CA14B919AA550F0080E254 /* QuizTests.m in Sources */,
			);
			runOnlyForDeploymentPostprocessing = 0;
		};
/* End PBXSourcesBuildPhase section */

/* Begin PBXTargetDependency section */
		47CA14B119AA550F0080E254 /* PBXTargetDependency */ = {
			isa = PBXTargetDependency;
			target = 47CA148F19AA550E0080E254 /* Quiz */;
			targetProxy = 47CA14B019AA550F0080E254 /* PBXContainerItemProxy */;
		};
/* End PBXTargetDependency section */

/* Begin PBXVariantGroup section */
		47CA149C19AA550E0080E254 /* InfoPlist.strings */ = {
			isa = PBXVariantGroup;
			children = (
				47CA149D19AA550E0080E254 /* en */,
			);
			name = InfoPlist.strings;
			sourceTree = "<group>";
		};
		47CA14B519AA550F0080E254 /* InfoPlist.strings */ = {
			isa = PBXVariantGroup;
			children = (
				47CA14B619AA550F0080E254 /* en */,
			);
			name = InfoPlist.strings;
			sourceTree = "<group>";
		};
/* End PBXVariantGroup section */

/* Begin XCBuildConfiguration section */
		47CA14BA19AA550F0080E254 /* Debug */ = {
			isa = XCBuildConfiguration;
			buildSettings = {
				ALWAYS_SEARCH_USER_PATHS = NO;
				CLANG_CXX_LANGUAGE_STANDARD = "gnu++0x";
				CLANG_CXX_LIBRARY = "libc++";
				CLANG_ENABLE_MODULES = YES;
				CLANG_ENABLE_OBJC_ARC = YES;
				CLANG_WARN_BOOL_CONVERSION = YES;
				CLANG_WARN_CONSTANT_CONVERSION = YES;
				CLANG_WARN_DIRECT_OBJC_ISA_USAGE = YES_ERROR;
				CLANG_WARN_EMPTY_BODY = YES;
				CLANG_WARN_ENUM_CONVERSION = YES;
				CLANG_WARN_INT_CONVERSION = YES;
				CLANG_WARN_OBJC_ROOT_CLASS = YES_ERROR;
				CLANG_WARN__DUPLICATE_METHOD_MATCH = YES;
				"CODE_SIGN_IDENTITY[sdk=iphoneos*]" = "iPhone Developer";
				COPY_PHASE_STRIP = NO;
				GCC_C_LANGUAGE_STANDARD = gnu99;
				GCC_DYNAMIC_NO_PIC = NO;
				GCC_OPTIMIZATION_LEVEL = 0;
				GCC_PREPROCESSOR_DEFINITIONS = (
					"DEBUG=1",
					"$(inherited)",
				);
				GCC_SYMBOLS_PRIVATE_EXTERN = NO;
				GCC_WARN_64_TO_32_BIT_CONVERSION = YES;
				GCC_WARN_ABOUT_RETURN_TYPE = YES_ERROR;
				GCC_WARN_UNDECLARED_SELECTOR = YES;
				GCC_WARN_UNINITIALIZED_AUTOS = YES_AGGRESSIVE;
				GCC_WARN_UNUSED_FUNCTION = YES;
				GCC_WARN_UNUSED_VARIABLE = YES;
				IPHONEOS_DEPLOYMENT_TARGET = 7.1;
				ONLY_ACTIVE_ARCH = YES;
				SDKROOT = iphoneos;
			};
			name = Debug;
		};
		47CA14BB19AA550F0080E254 /* Release */ = {
			isa = XCBuildConfiguration;
			buildSettings = {
				ALWAYS_SEARCH_USER_PATHS = NO;
				CLANG_CXX_LANGUAGE_STANDARD = "gnu++0x";
				CLANG_CXX_LIBRARY = "libc++";
				CLANG_ENABLE_MODULES = YES;
				CLANG_ENABLE_OBJC_ARC = YES;
				CLANG_WARN_BOOL_CONVERSION = YES;
				CLANG_WARN_CONSTANT_CONVERSION = YES;
				CLANG_WARN_DIRECT_OBJC_ISA_USAGE = YES_ERROR;
				CLANG_WARN_EMPTY_BODY = YES;
				CLANG_WARN_ENUM_CONVERSION = YES;
				CLANG_WARN_INT_CONVERSION = YES;
				CLANG_WARN_OBJC_ROOT_CLASS = YES_ERROR;
				CLANG_WARN__DUPLICATE_METHOD_MATCH = YES;
				"CODE_SIGN_IDENTITY[sdk=iphoneos*]" = "iPhone Developer";
				COPY_PHASE_STRIP = YES;
				ENABLE_NS_ASSERTIONS = NO;
				GCC_C_LANGUAGE_STANDARD = gnu99;
				GCC_WARN_64_TO_32_BIT_CONVERSION = YES;
				GCC_WARN_ABOUT_RETURN_TYPE = YES_ERROR;
				GCC_WARN_UNDECLARED_SELECTOR = YES;
				GCC_WARN_UNINITIALIZED_AUTOS = YES_AGGRESSIVE;
				GCC_WARN_UNUSED_FUNCTION = YES;
				GCC_WARN_UNUSED_VARIABLE = YES;
				IPHONEOS_DEPLOYMENT_TARGET = 7.1;
				SDKROOT = iphoneos;
				VALIDATE_PRODUCT = YES;
			};
			name = Release;
		};
		47CA14BD19AA550F0080E254 /* Debug */ = {
			isa = XCBuildConfiguration;
			buildSettings = {
				ASSETCATALOG_COMPILER_APPICON_NAME = AppIcon;
				ASSETCATALOG_COMPILER_LAUNCHIMAGE_NAME = LaunchImage;
				GCC_PRECOMPILE_PREFIX_HEADER = YES;
				GCC_PREFIX_HEADER = "Quiz/Quiz-Prefix.pch";
				INFOPLIST_FILE = "Quiz/Quiz-Info.plist";
				PRODUCT_NAME = "$(TARGET_NAME)";
				WRAPPER_EXTENSION = app;
			};
			name = Debug;
		};
		47CA14BE19AA550F0080E254 /* Release */ = {
			isa = XCBuildConfiguration;
			buildSettings = {
				ASSETCATALOG_COMPILER_APPICON_NAME = AppIcon;
				ASSETCATALOG_COMPILER_LAUNCHIMAGE_NAME = LaunchImage;
				GCC_PRECOMPILE_PREFIX_HEADER = YES;
				GCC_PREFIX_HEADER = "Quiz/Quiz-Prefix.pch";
				INFOPLIST_FILE = "Quiz/Quiz-Info.plist";
				PRODUCT_NAME = "$(TARGET_NAME)";
				WRAPPER_EXTENSION = app;
			};
			name = Release;
		};
		47CA14C019AA550F0080E254 /* Debug */ = {
			isa = XCBuildConfiguration;
			buildSettings = {
				BUNDLE_LOADER = "$(BUILT_PRODUCTS_DIR)/Quiz.app/Quiz";
				FRAMEWORK_SEARCH_PATHS = (
					"$(SDKROOT)/Developer/Library/Frameworks",
					"$(inherited)",
					"$(DEVELOPER_FRAMEWORKS_DIR)",
				);
				GCC_PRECOMPILE_PREFIX_HEADER = YES;
				GCC_PREFIX_HEADER = "Quiz/Quiz-Prefix.pch";
				GCC_PREPROCESSOR_DEFINITIONS = (
					"DEBUG=1",
					"$(inherited)",
				);
				INFOPLIST_FILE = "QuizTests/QuizTests-Info.plist";
				PRODUCT_NAME = "$(TARGET_NAME)";
				TEST_HOST = "$(BUNDLE_LOADER)";
				WRAPPER_EXTENSION = xctest;
			};
			name = Debug;
		};
		47CA14C119AA550F0080E254 /* Release */ = {
			isa = XCBuildConfiguration;
			buildSettings = {
				BUNDLE_LOADER = "$(BUILT_PRODUCTS_DIR)/Quiz.app/Quiz";
				FRAMEWORK_SEARCH_PATHS = (
					"$(SDKROOT)/Developer/Library/Frameworks",
					"$(inherited)",
					"$(DEVELOPER_FRAMEWORKS_DIR)",
				);
				GCC_PRECOMPILE_PREFIX_HEADER = YES;
				GCC_PREFIX_HEADER = "Quiz/Quiz-Prefix.pch";
				INFOPLIST_FILE = "QuizTests/QuizTests-Info.plist";
				PRODUCT_NAME = "$(TARGET_NAME)";
				TEST_HOST = "$(BUNDLE_LOADER)";
				WRAPPER_EXTENSION = xctest;
			};
			name = Release;
		};
/* End XCBuildConfiguration section */

/* Begin XCConfigurationList section */
		47CA148B19AA550E0080E254 /* Build configuration list for PBXProject "Quiz" */ = {
			isa = XCConfigurationList;
			buildConfigurations = (
				47CA14BA19AA550F0080E254 /* Debug */,
				47CA14BB19AA550F0080E254 /* Release */,
			);
			defaultConfigurationIsVisible = 0;
			defaultConfigurationName = Release;
		};
		47CA14BC19AA550F0080E254 /* Build configuration list for PBXNativeTarget "Quiz" */ = {
			isa = XCConfigurationList;
			buildConfigurations = (
				47CA14BD19AA550F0080E254 /* Debug */,
				47CA14BE19AA550F0080E254 /* Release */,
			);
			defaultConfigurationIsVisible = 0;
		};
		47CA14BF19AA550F0080E254 /* Build configuration list for PBXNativeTarget "QuizTests" */ = {
			isa = XCConfigurationList;
			buildConfigurations = (
				47CA14C019AA550F0080E254 /* Debug */,
				47CA14C119AA550F0080E254 /* Release */,
			);
			defaultConfigurationIsVisible = 0;
		};
/* End XCConfigurationList section */
	};
	rootObject = 47CA148819AA550E0080E254 /* Project object */;
}
