// !$*UTF8*$!
{
	archiveVersion = 1;
	classes = {
	};
	objectVersion = 46;
	objects = {

/* Begin PBXBuildFile section */
		478EEEAD1A0ABF6F002BA73E /* main.m in Sources */ = {isa = PBXBuildFile; fileRef = 478EEEAC1A0ABF6F002BA73E /* main.m */; };
		478EEEB01A0ABF6F002BA73E /* AppDelegate.m in Sources */ = {isa = PBXBuildFile; fileRef = 478EEEAF1A0ABF6F002BA73E /* AppDelegate.m */; };
		478EEEB81A0ABF6F002BA73E /* Images.xcassets in Resources */ = {isa = PBXBuildFile; fileRef = 478EEEB71A0ABF6F002BA73E /* Images.xcassets */; };
		478EEEBB1A0ABF6F002BA73E /* LaunchScreen.xib in Resources */ = {isa = PBXBuildFile; fileRef = 478EEEB91A0ABF6F002BA73E /* LaunchScreen.xib */; };
		478EEEC71A0ABF6F002BA73E /* TouchTrackerTests.m in Sources */ = {isa = PBXBuildFile; fileRef = 478EEEC61A0ABF6F002BA73E /* TouchTrackerTests.m */; };
		478EEED61A0AC8A1002BA73E /* BNRDrawView.m in Sources */ = {isa = PBXBuildFile; fileRef = 478EEED11A0AC8A1002BA73E /* BNRDrawView.m */; };
		478EEED71A0AC8A1002BA73E /* BNRDrawViewController.m in Sources */ = {isa = PBXBuildFile; fileRef = 478EEED31A0AC8A1002BA73E /* BNRDrawViewController.m */; };
		478EEED81A0AC8A1002BA73E /* BNRLine.m in Sources */ = {isa = PBXBuildFile; fileRef = 478EEED51A0AC8A1002BA73E /* BNRLine.m */; };
/* End PBXBuildFile section */

/* Begin PBXContainerItemProxy section */
		478EEEC11A0ABF6F002BA73E /* PBXContainerItemProxy */ = {
			isa = PBXContainerItemProxy;
			containerPortal = 478EEE9F1A0ABF6F002BA73E /* Project object */;
			proxyType = 1;
			remoteGlobalIDString = 478EEEA61A0ABF6F002BA73E;
			remoteInfo = TouchTracker;
		};
/* End PBXContainerItemProxy section */

/* Begin PBXFileReference section */
		478EEEA71A0ABF6F002BA73E /* TouchTracker.app */ = {isa = PBXFileReference; explicitFileType = wrapper.application; includeInIndex = 0; path = TouchTracker.app; sourceTree = BUILT_PRODUCTS_DIR; };
		478EEEAB1A0ABF6F002BA73E /* Info.plist */ = {isa = PBXFileReference; lastKnownFileType = text.plist.xml; path = Info.plist; sourceTree = "<group>"; };
		478EEEAC1A0ABF6F002BA73E /* main.m */ = {isa = PBXFileReference; lastKnownFileType = sourcecode.c.objc; path = main.m; sourceTree = "<group>"; };
		478EEEAE1A0ABF6F002BA73E /* AppDelegate.h */ = {isa = PBXFileReference; lastKnownFileType = sourcecode.c.h; path = AppDelegate.h; sourceTree = "<group>"; };
		478EEEAF1A0ABF6F002BA73E /* AppDelegate.m */ = {isa = PBXFileReference; lastKnownFileType = sourcecode.c.objc; path = AppDelegate.m; sourceTree = "<group>"; };
		478EEEB71A0ABF6F002BA73E /* Images.xcassets */ = {isa = PBXFileReference; lastKnownFileType = folder.assetcatalog; path = Images.xcassets; sourceTree = "<group>"; };
		478EEEBA1A0ABF6F002BA73E /* Base */ = {isa = PBXFileReference; lastKnownFileType = file.xib; name = Base; path = Base.lproj/LaunchScreen.xib; sourceTree = "<group>"; };
		478EEEC01A0ABF6F002BA73E /* TouchTrackerTests.xctest */ = {isa = PBXFileReference; explicitFileType = wrapper.cfbundle; includeInIndex = 0; path = TouchTrackerTests.xctest; sourceTree = BUILT_PRODUCTS_DIR; };
		478EEEC51A0ABF6F002BA73E /* Info.plist */ = {isa = PBXFileReference; lastKnownFileType = text.plist.xml; path = Info.plist; sourceTree = "<group>"; };
		478EEEC61A0ABF6F002BA73E /* TouchTrackerTests.m */ = {isa = PBXFileReference; lastKnownFileType = sourcecode.c.objc; path = TouchTrackerTests.m; sourceTree = "<group>"; };
		478EEED01A0AC8A1002BA73E /* BNRDrawView.h */ = {isa = PBXFileReference; fileEncoding = 4; lastKnownFileType = sourcecode.c.h; name = BNRDrawView.h; path = ../BNRDrawView.h; sourceTree = "<group>"; };
		478EEED11A0AC8A1002BA73E /* BNRDrawView.m */ = {isa = PBXFileReference; fileEncoding = 4; lastKnownFileType = sourcecode.c.objc; name = BNRDrawView.m; path = ../BNRDrawView.m; sourceTree = "<group>"; };
		478EEED21A0AC8A1002BA73E /* BNRDrawViewController.h */ = {isa = PBXFileReference; fileEncoding = 4; lastKnownFileType = sourcecode.c.h; name = BNRDrawViewController.h; path = ../BNRDrawViewController.h; sourceTree = "<group>"; };
		478EEED31A0AC8A1002BA73E /* BNRDrawViewController.m */ = {isa = PBXFileReference; fileEncoding = 4; lastKnownFileType = sourcecode.c.objc; name = BNRDrawViewController.m; path = ../BNRDrawViewController.m; sourceTree = "<group>"; };
		478EEED41A0AC8A1002BA73E /* BNRLine.h */ = {isa = PBXFileReference; fileEncoding = 4; lastKnownFileType = sourcecode.c.h; name = BNRLine.h; path = ../BNRLine.h; sourceTree = "<group>"; };
		478EEED51A0AC8A1002BA73E /* BNRLine.m */ = {isa = PBXFileReference; fileEncoding = 4; lastKnownFileType = sourcecode.c.objc; name = BNRLine.m; path = ../BNRLine.m; sourceTree = "<group>"; };
/* End PBXFileReference section */

/* Begin PBXFrameworksBuildPhase section */
		478EEEA41A0ABF6F002BA73E /* Frameworks */ = {
			isa = PBXFrameworksBuildPhase;
			buildActionMask = 2147483647;
			files = (
			);
			runOnlyForDeploymentPostprocessing = 0;
		};
		478EEEBD1A0ABF6F002BA73E /* Frameworks */ = {
			isa = PBXFrameworksBuildPhase;
			buildActionMask = 2147483647;
			files = (
			);
			runOnlyForDeploymentPostprocessing = 0;
		};
/* End PBXFrameworksBuildPhase section */

/* Begin PBXGroup section */
		478EEE9E1A0ABF6F002BA73E = {
			isa = PBXGroup;
			children = (
				478EEEA91A0ABF6F002BA73E /* TouchTracker */,
				478EEEC31A0ABF6F002BA73E /* TouchTrackerTests */,
				478EEEA81A0ABF6F002BA73E /* Products */,
			);
			sourceTree = "<group>";
		};
		478EEEA81A0ABF6F002BA73E /* Products */ = {
			isa = PBXGroup;
			children = (
				478EEEA71A0ABF6F002BA73E /* TouchTracker.app */,
				478EEEC01A0ABF6F002BA73E /* TouchTrackerTests.xctest */,
			);
			name = Products;
			sourceTree = "<group>";
		};
		478EEEA91A0ABF6F002BA73E /* TouchTracker */ = {
			isa = PBXGroup;
			children = (
				478EEEAE1A0ABF6F002BA73E /* AppDelegate.h */,
				478EEED01A0AC8A1002BA73E /* BNRDrawView.h */,
				478EEED11A0AC8A1002BA73E /* BNRDrawView.m */,
				478EEED21A0AC8A1002BA73E /* BNRDrawViewController.h */,
				478EEED31A0AC8A1002BA73E /* BNRDrawViewController.m */,
				478EEED41A0AC8A1002BA73E /* BNRLine.h */,
				478EEED51A0AC8A1002BA73E /* BNRLine.m */,
				478EEEAF1A0ABF6F002BA73E /* AppDelegate.m */,
				478EEEB71A0ABF6F002BA73E /* Images.xcassets */,
				478EEEB91A0ABF6F002BA73E /* LaunchScreen.xib */,
				478EEEAA1A0ABF6F002BA73E /* Supporting Files */,
			);
			path = TouchTracker;
			sourceTree = "<group>";
		};
		478EEEAA1A0ABF6F002BA73E /* Supporting Files */ = {
			isa = PBXGroup;
			children = (
				478EEEAB1A0ABF6F002BA73E /* Info.plist */,
				478EEEAC1A0ABF6F002BA73E /* main.m */,
			);
			name = "Supporting Files";
			sourceTree = "<group>";
		};
		478EEEC31A0ABF6F002BA73E /* TouchTrackerTests */ = {
			isa = PBXGroup;
			children = (
				478EEEC61A0ABF6F002BA73E /* TouchTrackerTests.m */,
				478EEEC41A0ABF6F002BA73E /* Supporting Files */,
			);
			path = TouchTrackerTests;
			sourceTree = "<group>";
		};
		478EEEC41A0ABF6F002BA73E /* Supporting Files */ = {
			isa = PBXGroup;
			children = (
				478EEEC51A0ABF6F002BA73E /* Info.plist */,
			);
			name = "Supporting Files";
			sourceTree = "<group>";
		};
/* End PBXGroup section */

/* Begin PBXNativeTarget section */
		478EEEA61A0ABF6F002BA73E /* TouchTracker */ = {
			isa = PBXNativeTarget;
			buildConfigurationList = 478EEECA1A0ABF6F002BA73E /* Build configuration list for PBXNativeTarget "TouchTracker" */;
			buildPhases = (
				478EEEA31A0ABF6F002BA73E /* Sources */,
				478EEEA41A0ABF6F002BA73E /* Frameworks */,
				478EEEA51A0ABF6F002BA73E /* Resources */,
			);
			buildRules = (
			);
			dependencies = (
			);
			name = TouchTracker;
			productName = TouchTracker;
			productReference = 478EEEA71A0ABF6F002BA73E /* TouchTracker.app */;
			productType = "com.apple.product-type.application";
		};
		478EEEBF1A0ABF6F002BA73E /* TouchTrackerTests */ = {
			isa = PBXNativeTarget;
			buildConfigurationList = 478EEECD1A0ABF6F002BA73E /* Build configuration list for PBXNativeTarget "TouchTrackerTests" */;
			buildPhases = (
				478EEEBC1A0ABF6F002BA73E /* Sources */,
				478EEEBD1A0ABF6F002BA73E /* Frameworks */,
				478EEEBE1A0ABF6F002BA73E /* Resources */,
			);
			buildRules = (
			);
			dependencies = (
				478EEEC21A0ABF6F002BA73E /* PBXTargetDependency */,
			);
			name = TouchTrackerTests;
			productName = TouchTrackerTests;
			productReference = 478EEEC01A0ABF6F002BA73E /* TouchTrackerTests.xctest */;
			productType = "com.apple.product-type.bundle.unit-test";
		};
/* End PBXNativeTarget section */

/* Begin PBXProject section */
		478EEE9F1A0ABF6F002BA73E /* Project object */ = {
			isa = PBXProject;
			attributes = {
				LastUpgradeCheck = 0610;
				ORGANIZATIONNAME = Pensersoft;
				TargetAttributes = {
					478EEEA61A0ABF6F002BA73E = {
						CreatedOnToolsVersion = 6.1;
					};
					478EEEBF1A0ABF6F002BA73E = {
						CreatedOnToolsVersion = 6.1;
						TestTargetID = 478EEEA61A0ABF6F002BA73E;
					};
				};
			};
			buildConfigurationList = 478EEEA21A0ABF6F002BA73E /* Build configuration list for PBXProject "TouchTracker" */;
			compatibilityVersion = "Xcode 3.2";
			developmentRegion = English;
			hasScannedForEncodings = 0;
			knownRegions = (
				en,
				Base,
			);
			mainGroup = 478EEE9E1A0ABF6F002BA73E;
			productRefGroup = 478EEEA81A0ABF6F002BA73E /* Products */;
			projectDirPath = "";
			projectRoot = "";
			targets = (
				478EEEA61A0ABF6F002BA73E /* TouchTracker */,
				478EEEBF1A0ABF6F002BA73E /* TouchTrackerTests */,
			);
		};
/* End PBXProject section */

/* Begin PBXResourcesBuildPhase section */
		478EEEA51A0ABF6F002BA73E /* Resources */ = {
			isa = PBXResourcesBuildPhase;
			buildActionMask = 2147483647;
			files = (
				478EEEBB1A0ABF6F002BA73E /* LaunchScreen.xib in Resources */,
				478EEEB81A0ABF6F002BA73E /* Images.xcassets in Resources */,
			);
			runOnlyForDeploymentPostprocessing = 0;
		};
		478EEEBE1A0ABF6F002BA73E /* Resources */ = {
			isa = PBXResourcesBuildPhase;
			buildActionMask = 2147483647;
			files = (
			);
			runOnlyForDeploymentPostprocessing = 0;
		};
/* End PBXResourcesBuildPhase section */

/* Begin PBXSourcesBuildPhase section */
		478EEEA31A0ABF6F002BA73E /* Sources */ = {
			isa = PBXSourcesBuildPhase;
			buildActionMask = 2147483647;
			files = (
				478EEED71A0AC8A1002BA73E /* BNRDrawViewController.m in Sources */,
				478EEEB01A0ABF6F002BA73E /* AppDelegate.m in Sources */,
				478EEEAD1A0ABF6F002BA73E /* main.m in Sources */,
				478EEED81A0AC8A1002BA73E /* BNRLine.m in Sources */,
				478EEED61A0AC8A1002BA73E /* BNRDrawView.m in Sources */,
			);
			runOnlyForDeploymentPostprocessing = 0;
		};
		478EEEBC1A0ABF6F002BA73E /* Sources */ = {
			isa = PBXSourcesBuildPhase;
			buildActionMask = 2147483647;
			files = (
				478EEEC71A0ABF6F002BA73E /* TouchTrackerTests.m in Sources */,
			);
			runOnlyForDeploymentPostprocessing = 0;
		};
/* End PBXSourcesBuildPhase section */

/* Begin PBXTargetDependency section */
		478EEEC21A0ABF6F002BA73E /* PBXTargetDependency */ = {
			isa = PBXTargetDependency;
			target = 478EEEA61A0ABF6F002BA73E /* TouchTracker */;
			targetProxy = 478EEEC11A0ABF6F002BA73E /* PBXContainerItemProxy */;
		};
/* End PBXTargetDependency section */

/* Begin PBXVariantGroup section */
		478EEEB91A0ABF6F002BA73E /* LaunchScreen.xib */ = {
			isa = PBXVariantGroup;
			children = (
				478EEEBA1A0ABF6F002BA73E /* Base */,
			);
			name = LaunchScreen.xib;
			sourceTree = "<group>";
		};
/* End PBXVariantGroup section */

/* Begin XCBuildConfiguration section */
		478EEEC81A0ABF6F002BA73E /* Debug */ = {
			isa = XCBuildConfiguration;
			buildSettings = {
				ALWAYS_SEARCH_USER_PATHS = NO;
				CLANG_CXX_LANGUAGE_STANDARD = "gnu++0x";
				CLANG_CXX_LIBRARY = "libc++";
				CLANG_ENABLE_MODULES = YES;
				CLANG_ENABLE_OBJC_ARC = YES;
				CLANG_WARN_BOOL_CONVERSION = YES;
				CLANG_WARN_CONSTANT_CONVERSION = YES;
				CLANG_WARN_DIRECT_OBJC_ISA_USAGE = YES_ERROR;
				CLANG_WARN_EMPTY_BODY = YES;
				CLANG_WARN_ENUM_CONVERSION = YES;
				CLANG_WARN_INT_CONVERSION = YES;
				CLANG_WARN_OBJC_ROOT_CLASS = YES_ERROR;
				CLANG_WARN_UNREACHABLE_CODE = YES;
				CLANG_WARN__DUPLICATE_METHOD_MATCH = YES;
				"CODE_SIGN_IDENTITY[sdk=iphoneos*]" = "iPhone Developer";
				COPY_PHASE_STRIP = NO;
				ENABLE_STRICT_OBJC_MSGSEND = YES;
				GCC_C_LANGUAGE_STANDARD = gnu99;
				GCC_DYNAMIC_NO_PIC = NO;
				GCC_OPTIMIZATION_LEVEL = 0;
				GCC_PREPROCESSOR_DEFINITIONS = (
					"DEBUG=1",
					"$(inherited)",
				);
				GCC_SYMBOLS_PRIVATE_EXTERN = NO;
				GCC_WARN_64_TO_32_BIT_CONVERSION = YES;
				GCC_WARN_ABOUT_RETURN_TYPE = YES_ERROR;
				GCC_WARN_UNDECLARED_SELECTOR = YES;
				GCC_WARN_UNINITIALIZED_AUTOS = YES_AGGRESSIVE;
				GCC_WARN_UNUSED_FUNCTION = YES;
				GCC_WARN_UNUSED_VARIABLE = YES;
				IPHONEOS_DEPLOYMENT_TARGET = 8.1;
				MTL_ENABLE_DEBUG_INFO = YES;
				ONLY_ACTIVE_ARCH = YES;
				SDKROOT = iphoneos;
			};
			name = Debug;
		};
		478EEEC91A0ABF6F002BA73E /* Release */ = {
			isa = XCBuildConfiguration;
			buildSettings = {
				ALWAYS_SEARCH_USER_PATHS = NO;
				CLANG_CXX_LANGUAGE_STANDARD = "gnu++0x";
				CLANG_CXX_LIBRARY = "libc++";
				CLANG_ENABLE_MODULES = YES;
				CLANG_ENABLE_OBJC_ARC = YES;
				CLANG_WARN_BOOL_CONVERSION = YES;
				CLANG_WARN_CONSTANT_CONVERSION = YES;
				CLANG_WARN_DIRECT_OBJC_ISA_USAGE = YES_ERROR;
				CLANG_WARN_EMPTY_BODY = YES;
				CLANG_WARN_ENUM_CONVERSION = YES;
				CLANG_WARN_INT_CONVERSION = YES;
				CLANG_WARN_OBJC_ROOT_CLASS = YES_ERROR;
				CLANG_WARN_UNREACHABLE_CODE = YES;
				CLANG_WARN__DUPLICATE_METHOD_MATCH = YES;
				"CODE_SIGN_IDENTITY[sdk=iphoneos*]" = "iPhone Developer";
				COPY_PHASE_STRIP = YES;
				ENABLE_NS_ASSERTIONS = NO;
				ENABLE_STRICT_OBJC_MSGSEND = YES;
				GCC_C_LANGUAGE_STANDARD = gnu99;
				GCC_WARN_64_TO_32_BIT_CONVERSION = YES;
				GCC_WARN_ABOUT_RETURN_TYPE = YES_ERROR;
				GCC_WARN_UNDECLARED_SELECTOR = YES;
				GCC_WARN_UNINITIALIZED_AUTOS = YES_AGGRESSIVE;
				GCC_WARN_UNUSED_FUNCTION = YES;
				GCC_WARN_UNUSED_VARIABLE = YES;
				IPHONEOS_DEPLOYMENT_TARGET = 8.1;
				MTL_ENABLE_DEBUG_INFO = NO;
				SDKROOT = iphoneos;
				VALIDATE_PRODUCT = YES;
			};
			name = Release;
		};
		478EEECB1A0ABF6F002BA73E /* Debug */ = {
			isa = XCBuildConfiguration;
			buildSettings = {
				ASSETCATALOG_COMPILER_APPICON_NAME = AppIcon;
				INFOPLIST_FILE = TouchTracker/Info.plist;
				LD_RUNPATH_SEARCH_PATHS = "$(inherited) @executable_path/Frameworks";
				PRODUCT_NAME = "$(TARGET_NAME)";
			};
			name = Debug;
		};
		478EEECC1A0ABF6F002BA73E /* Release */ = {
			isa = XCBuildConfiguration;
			buildSettings = {
				ASSETCATALOG_COMPILER_APPICON_NAME = AppIcon;
				INFOPLIST_FILE = TouchTracker/Info.plist;
				LD_RUNPATH_SEARCH_PATHS = "$(inherited) @executable_path/Frameworks";
				PRODUCT_NAME = "$(TARGET_NAME)";
			};
			name = Release;
		};
		478EEECE1A0ABF6F002BA73E /* Debug */ = {
			isa = XCBuildConfiguration;
			buildSettings = {
				BUNDLE_LOADER = "$(TEST_HOST)";
				FRAMEWORK_SEARCH_PATHS = (
					"$(SDKROOT)/Developer/Library/Frameworks",
					"$(inherited)",
				);
				GCC_PREPROCESSOR_DEFINITIONS = (
					"DEBUG=1",
					"$(inherited)",
				);
				INFOPLIST_FILE = TouchTrackerTests/Info.plist;
				LD_RUNPATH_SEARCH_PATHS = "$(inherited) @executable_path/Frameworks @loader_path/Frameworks";
				PRODUCT_NAME = "$(TARGET_NAME)";
				TEST_HOST = "$(BUILT_PRODUCTS_DIR)/TouchTracker.app/TouchTracker";
			};
			name = Debug;
		};
		478EEECF1A0ABF6F002BA73E /* Release */ = {
			isa = XCBuildConfiguration;
			buildSettings = {
				BUNDLE_LOADER = "$(TEST_HOST)";
				FRAMEWORK_SEARCH_PATHS = (
					"$(SDKROOT)/Developer/Library/Frameworks",
					"$(inherited)",
				);
				INFOPLIST_FILE = TouchTrackerTests/Info.plist;
				LD_RUNPATH_SEARCH_PATHS = "$(inherited) @executable_path/Frameworks @loader_path/Frameworks";
				PRODUCT_NAME = "$(TARGET_NAME)";
				TEST_HOST = "$(BUILT_PRODUCTS_DIR)/TouchTracker.app/TouchTracker";
			};
			name = Release;
		};
/* End XCBuildConfiguration section */

/* Begin XCConfigurationList section */
		478EEEA21A0ABF6F002BA73E /* Build configuration list for PBXProject "TouchTracker" */ = {
			isa = XCConfigurationList;
			buildConfigurations = (
				478EEEC81A0ABF6F002BA73E /* Debug */,
				478EEEC91A0ABF6F002BA73E /* Release */,
			);
			defaultConfigurationIsVisible = 0;
			defaultConfigurationName = Release;
		};
		478EEECA1A0ABF6F002BA73E /* Build configuration list for PBXNativeTarget "TouchTracker" */ = {
			isa = XCConfigurationList;
			buildConfigurations = (
				478EEECB1A0ABF6F002BA73E /* Debug */,
				478EEECC1A0ABF6F002BA73E /* Release */,
			);
			defaultConfigurationIsVisible = 0;
			defaultConfigurationName = Release;
		};
		478EEECD1A0ABF6F002BA73E /* Build configuration list for PBXNativeTarget "TouchTrackerTests" */ = {
			isa = XCConfigurationList;
			buildConfigurations = (
				478EEECE1A0ABF6F002BA73E /* Debug */,
				478EEECF1A0ABF6F002BA73E /* Release */,
			);
			defaultConfigurationIsVisible = 0;
			defaultConfigurationName = Release;
		};
/* End XCConfigurationList section */
	};
	rootObject = 478EEE9F1A0ABF6F002BA73E /* Project object */;
}
